
Microsoft Visual Studio Solution File, Format Version 12.00
# Visual Studio Version 16
VisualStudioVersion = 16.0.31424.327
MinimumVisualStudioVersion = 10.0.40219.1
Project("{FAE04EC0-301F-11D3-BF4B-00C04F79EFBC}") = "poc.api.loadtest", "poc.api.loadtest\poc.api.loadtest.csproj", "{DDD1BAA0-EC27-4E3B-9ED7-B00E03E8BBE3}"
EndProject
Global
	GlobalSection(SolutionConfigurationPlatforms) = preSolution
		Debug|Any CPU = Debug|Any CPU
		Release|Any CPU = Release|Any CPU
	EndGlobalSection
	GlobalSection(ProjectConfigurationPlatforms) = postSolution
		{DDD1BAA0-EC27-4E3B-9ED7-B00E03E8BBE3}.Debug|Any CPU.ActiveCfg = Debug|Any CPU
		{DDD1BAA0-EC27-4E3B-9ED7-B00E03E8BBE3}.Debug|Any CPU.Build.0 = Debug|Any CPU
		{DDD1BAA0-EC27-4E3B-9ED7-B00E03E8BBE3}.Release|Any CPU.ActiveCfg = Release|Any CPU
		{DDD1BAA0-EC27-4E3B-9ED7-B00E03E8BBE3}.Release|Any CPU.Build.0 = Release|Any CPU
	EndGlobalSection
	GlobalSection(SolutionProperties) = preSolution
		HideSolutionNode = FALSE
	EndGlobalSection
	GlobalSection(ExtensibilityGlobals) = postSolution
		SolutionGuid = {89EB5C59-F104-4A31-9D2E-57127E7FF03D}
	EndGlobalSection
EndGlobal
